
Microsoft Visual Studio Solution File, Format Version 12.00
# Visual Studio Version 17
VisualStudioVersion = 17.3.32901.215
MinimumVisualStudioVersion = 10.0.40219.1
Project("{9A19103F-16F7-4668-BE54-9A1E7A4F7556}") = "WebAppAssembly.Server", "Server\WebAppAssembly.Server.csproj", "{198470BE-E96C-4958-958F-5A0CF0776F78}"
EndProject
Project("{9A19103F-16F7-4668-BE54-9A1E7A4F7556}") = "WebAppAssembly.Client", "Client\WebAppAssembly.Client.csproj", "{F27F8343-2C44-4F85-9A80-711ED3239253}"
EndProject
Project("{9A19103F-16F7-4668-BE54-9A1E7A4F7556}") = "WebAppAssembly.Shared", "Shared\WebAppAssembly.Shared.csproj", "{D394289F-A98A-4E9B-8090-CAF2F226888B}"
EndProject
Project("{E53339B2-1760-4266-BCC7-CA923CBCF16C}") = "docker-compose", "docker-compose.dcproj", "{91123116-51BC-4003-8649-A73A139ACDCF}"
EndProject
Global
	GlobalSection(SolutionConfigurationPlatforms) = preSolution
		Debug|Any CPU = Debug|Any CPU
		Release|Any CPU = Release|Any CPU
	EndGlobalSection
	GlobalSection(ProjectConfigurationPlatforms) = postSolution
		{198470BE-E96C-4958-958F-5A0CF0776F78}.Debug|Any CPU.ActiveCfg = Debug|Any CPU
		{198470BE-E96C-4958-958F-5A0CF0776F78}.Debug|Any CPU.Build.0 = Debug|Any CPU
		{198470BE-E96C-4958-958F-5A0CF0776F78}.Release|Any CPU.ActiveCfg = Release|Any CPU
		{198470BE-E96C-4958-958F-5A0CF0776F78}.Release|Any CPU.Build.0 = Release|Any CPU
		{F27F8343-2C44-4F85-9A80-711ED3239253}.Debug|Any CPU.ActiveCfg = Debug|Any CPU
		{F27F8343-2C44-4F85-9A80-711ED3239253}.Debug|Any CPU.Build.0 = Debug|Any CPU
		{F27F8343-2C44-4F85-9A80-711ED3239253}.Release|Any CPU.ActiveCfg = Release|Any CPU
		{F27F8343-2C44-4F85-9A80-711ED3239253}.Release|Any CPU.Build.0 = Release|Any CPU
		{D394289F-A98A-4E9B-8090-CAF2F226888B}.Debug|Any CPU.ActiveCfg = Debug|Any CPU
		{D394289F-A98A-4E9B-8090-CAF2F226888B}.Debug|Any CPU.Build.0 = Debug|Any CPU
		{D394289F-A98A-4E9B-8090-CAF2F226888B}.Release|Any CPU.ActiveCfg = Release|Any CPU
		{D394289F-A98A-4E9B-8090-CAF2F226888B}.Release|Any CPU.Build.0 = Release|Any CPU
		{91123116-51BC-4003-8649-A73A139ACDCF}.Debug|Any CPU.ActiveCfg = Debug|Any CPU
		{91123116-51BC-4003-8649-A73A139ACDCF}.Debug|Any CPU.Build.0 = Debug|Any CPU
		{91123116-51BC-4003-8649-A73A139ACDCF}.Release|Any CPU.ActiveCfg = Release|Any CPU
		{91123116-51BC-4003-8649-A73A139ACDCF}.Release|Any CPU.Build.0 = Release|Any CPU
	EndGlobalSection
	GlobalSection(SolutionProperties) = preSolution
		HideSolutionNode = FALSE
	EndGlobalSection
	GlobalSection(ExtensibilityGlobals) = postSolution
		SolutionGuid = {681FE5B4-1468-4B51-A69A-4EE5F3E79E37}
	EndGlobalSection
EndGlobal
